
Microsoft Visual Studio Solution File, Format Version 12.00
# Visual Studio 14
VisualStudioVersion = 14.0.22823.1
MinimumVisualStudioVersion = 10.0.40219.1
Project("{FAE04EC0-301F-11D3-BF4B-00C04F79EFBC}") = "SwissArmyKnife", "SwissArmyKnife\SwissArmyKnife.csproj", "{755F796C-D8DF-4592-A9B2-0BEB761AA107}"
EndProject
Project("{FAE04EC0-301F-11D3-BF4B-00C04F79EFBC}") = "SwissArmyKnife.Tests", "SwissArmyKnife.Tests\SwissArmyKnife.Tests.csproj", "{F104C48B-3B34-479D-8EDF-AD191EE25EF2}"
EndProject
Global
	GlobalSection(SolutionConfigurationPlatforms) = preSolution
		Debug|Any CPU = Debug|Any CPU
		Release|Any CPU = Release|Any CPU
	EndGlobalSection
	GlobalSection(ProjectConfigurationPlatforms) = postSolution
		{755F796C-D8DF-4592-A9B2-0BEB761AA107}.Debug|Any CPU.ActiveCfg = Debug|Any CPU
		{755F796C-D8DF-4592-A9B2-0BEB761AA107}.Debug|Any CPU.Build.0 = Debug|Any CPU
		{755F796C-D8DF-4592-A9B2-0BEB761AA107}.Release|Any CPU.ActiveCfg = Release|Any CPU
		{755F796C-D8DF-4592-A9B2-0BEB761AA107}.Release|Any CPU.Build.0 = Release|Any CPU
		{F104C48B-3B34-479D-8EDF-AD191EE25EF2}.Debug|Any CPU.ActiveCfg = Debug|Any CPU
		{F104C48B-3B34-479D-8EDF-AD191EE25EF2}.Debug|Any CPU.Build.0 = Debug|Any CPU
		{F104C48B-3B34-479D-8EDF-AD191EE25EF2}.Release|Any CPU.ActiveCfg = Release|Any CPU
		{F104C48B-3B34-479D-8EDF-AD191EE25EF2}.Release|Any CPU.Build.0 = Release|Any CPU
	EndGlobalSection
	GlobalSection(SolutionProperties) = preSolution
		HideSolutionNode = FALSE
	EndGlobalSection
EndGlobal
